
Microsoft Visual Studio Solution File, Format Version 12.00
# Visual Studio Version 17
VisualStudioVersion = 17.4.33122.133
MinimumVisualStudioVersion = 10.0.40219.1
Project("{FAE04EC0-301F-11D3-BF4B-00C04F79EFBC}") = "CollegeStudentEntriesConsoleApp", "CollegeStudentEntriesConsoleApp\CollegeStudentEntriesConsoleApp.csproj", "{19E58A19-5544-43D0-8945-FBB610104543}"
EndProject
Global
	GlobalSection(SolutionConfigurationPlatforms) = preSolution
		Debug|Any CPU = Debug|Any CPU
		Release|Any CPU = Release|Any CPU
	EndGlobalSection
	GlobalSection(ProjectConfigurationPlatforms) = postSolution
		{19E58A19-5544-43D0-8945-FBB610104543}.Debug|Any CPU.ActiveCfg = Debug|Any CPU
		{19E58A19-5544-43D0-8945-FBB610104543}.Debug|Any CPU.Build.0 = Debug|Any CPU
		{19E58A19-5544-43D0-8945-FBB610104543}.Release|Any CPU.ActiveCfg = Release|Any CPU
		{19E58A19-5544-43D0-8945-FBB610104543}.Release|Any CPU.Build.0 = Release|Any CPU
	EndGlobalSection
	GlobalSection(SolutionProperties) = preSolution
		HideSolutionNode = FALSE
	EndGlobalSection
	GlobalSection(ExtensibilityGlobals) = postSolution
		SolutionGuid = {809E6515-1692-4406-B122-BBBCB3D601B9}
	EndGlobalSection
EndGlobal
